// !$*UTF8*$!
{
	archiveVersion = 1;
	classes = {
	};
	objectVersion = 56;
	objects = {

/* Begin PBXBuildFile section */
		32E3A2E22996911C00E773D8 /* AppDelegate.swift in Sources */ = {isa = PBXBuildFile; fileRef = 32E3A2E12996911C00E773D8 /* AppDelegate.swift */; };
		32E3A2E42996911C00E773D8 /* SceneDelegate.swift in Sources */ = {isa = PBXBuildFile; fileRef = 32E3A2E32996911C00E773D8 /* SceneDelegate.swift */; };
		32E3A2E62996911C00E773D8 /* ViewController.swift in Sources */ = {isa = PBXBuildFile; fileRef = 32E3A2E52996911C00E773D8 /* ViewController.swift */; };
		32E3A2E92996911C00E773D8 /* Main.storyboard in Resources */ = {isa = PBXBuildFile; fileRef = 32E3A2E72996911C00E773D8 /* Main.storyboard */; };
		32E3A2EB2996911D00E773D8 /* Assets.xcassets in Resources */ = {isa = PBXBuildFile; fileRef = 32E3A2EA2996911D00E773D8 /* Assets.xcassets */; };
		32E3A2EE2996911D00E773D8 /* LaunchScreen.storyboard in Resources */ = {isa = PBXBuildFile; fileRef = 32E3A2EC2996911D00E773D8 /* LaunchScreen.storyboard */; };
		32E3A2F62996913400E773D8 /* CaptureView.eml in Resources */ = {isa = PBXBuildFile; fileRef = 32E3A2F52996913400E773D8 /* CaptureView.eml */; };
		32E3A2FC299691E000E773D8 /* UiView+Exrension.swift in Sources */ = {isa = PBXBuildFile; fileRef = 32E3A2FB299691E000E773D8 /* UiView+Exrension.swift */; };
		32E3A2FE2996923F00E773D8 /* CaptureView.swift in Sources */ = {isa = PBXBuildFile; fileRef = 32E3A2FD2996923F00E773D8 /* CaptureView.swift */; };
		32E3A300299692F200E773D8 /* ImagePreviewViewController.swift in Sources */ = {isa = PBXBuildFile; fileRef = 32E3A2FF299692F200E773D8 /* ImagePreviewViewController.swift */; };
/* End PBXBuildFile section */

/* Begin PBXFileReference section */
		32E3A2DE2996911C00E773D8 /* CameraOverLayProj.app */ = {isa = PBXFileReference; explicitFileType = wrapper.application; includeInIndex = 0; path = CameraOverLayProj.app; sourceTree = BUILT_PRODUCTS_DIR; };
		32E3A2E12996911C00E773D8 /* AppDelegate.swift */ = {isa = PBXFileReference; lastKnownFileType = sourcecode.swift; path = AppDelegate.swift; sourceTree = "<group>"; };
		32E3A2E32996911C00E773D8 /* SceneDelegate.swift */ = {isa = PBXFileReference; lastKnownFileType = sourcecode.swift; path = SceneDelegate.swift; sourceTree = "<group>"; };
		32E3A2E52996911C00E773D8 /* ViewController.swift */ = {isa = PBXFileReference; lastKnownFileType = sourcecode.swift; path = ViewController.swift; sourceTree = "<group>"; };
		32E3A2E82996911C00E773D8 /* Base */ = {isa = PBXFileReference; lastKnownFileType = file.storyboard; name = Base; path = Base.lproj/Main.storyboard; sourceTree = "<group>"; };
		32E3A2EA2996911D00E773D8 /* Assets.xcassets */ = {isa = PBXFileReference; lastKnownFileType = folder.assetcatalog; path = Assets.xcassets; sourceTree = "<group>"; };
		32E3A2ED2996911D00E773D8 /* Base */ = {isa = PBXFileReference; lastKnownFileType = file.storyboard; name = Base; path = Base.lproj/LaunchScreen.storyboard; sourceTree = "<group>"; };
		32E3A2EF2996911D00E773D8 /* Info.plist */ = {isa = PBXFileReference; lastKnownFileType = text.plist.xml; path = Info.plist; sourceTree = "<group>"; };
		32E3A2F52996913400E773D8 /* CaptureView.eml */ = {isa = PBXFileReference; fileEncoding = 4; lastKnownFileType = text; path = CaptureView.eml; sourceTree = "<group>"; };
		32E3A2FB299691E000E773D8 /* UiView+Exrension.swift */ = {isa = PBXFileReference; lastKnownFileType = sourcecode.swift; path = "UiView+Exrension.swift"; sourceTree = "<group>"; };
		32E3A2FD2996923F00E773D8 /* CaptureView.swift */ = {isa = PBXFileReference; lastKnownFileType = sourcecode.swift; path = CaptureView.swift; sourceTree = "<group>"; };
		32E3A2FF299692F200E773D8 /* ImagePreviewViewController.swift */ = {isa = PBXFileReference; lastKnownFileType = sourcecode.swift; path = ImagePreviewViewController.swift; sourceTree = "<group>"; };
/* End PBXFileReference section */

/* Begin PBXFrameworksBuildPhase section */
		32E3A2DB2996911C00E773D8 /* Frameworks */ = {
			isa = PBXFrameworksBuildPhase;
			buildActionMask = 2147483647;
			files = (
			);
			runOnlyForDeploymentPostprocessing = 0;
		};
/* End PBXFrameworksBuildPhase section */

/* Begin PBXGroup section */
		32E3A2D52996911C00E773D8 = {
			isa = PBXGroup;
			children = (
				32E3A2E02996911C00E773D8 /* CameraOverLayProj */,
				32E3A2DF2996911C00E773D8 /* Products */,
			);
			sourceTree = "<group>";
		};
		32E3A2DF2996911C00E773D8 /* Products */ = {
			isa = PBXGroup;
			children = (
				32E3A2DE2996911C00E773D8 /* CameraOverLayProj.app */,
			);
			name = Products;
			sourceTree = "<group>";
		};
		32E3A2E02996911C00E773D8 /* CameraOverLayProj */ = {
			isa = PBXGroup;
			children = (
				32E3A2E12996911C00E773D8 /* AppDelegate.swift */,
				32E3A2E32996911C00E773D8 /* SceneDelegate.swift */,
				32E3A2FB299691E000E773D8 /* UiView+Exrension.swift */,
				32E3A2FD2996923F00E773D8 /* CaptureView.swift */,
				32E3A2FF299692F200E773D8 /* ImagePreviewViewController.swift */,
				32E3A2E52996911C00E773D8 /* ViewController.swift */,
				32E3A2F52996913400E773D8 /* CaptureView.eml */,
				32E3A2E72996911C00E773D8 /* Main.storyboard */,
				32E3A2EA2996911D00E773D8 /* Assets.xcassets */,
				32E3A2EC2996911D00E773D8 /* LaunchScreen.storyboard */,
				32E3A2EF2996911D00E773D8 /* Info.plist */,
			);
			path = CameraOverLayProj;
			sourceTree = "<group>";
		};
/* End PBXGroup section */

/* Begin PBXNativeTarget section */
		32E3A2DD2996911C00E773D8 /* CameraOverLayProj */ = {
			isa = PBXNativeTarget;
			buildConfigurationList = 32E3A2F22996911D00E773D8 /* Build configuration list for PBXNativeTarget "CameraOverLayProj" */;
			buildPhases = (
				32E3A2DA2996911C00E773D8 /* Sources */,
				32E3A2DB2996911C00E773D8 /* Frameworks */,
				32E3A2DC2996911C00E773D8 /* Resources */,
			);
			buildRules = (
			);
			dependencies = (
			);
			name = CameraOverLayProj;
			productName = CameraOverLayProj;
			productReference = 32E3A2DE2996911C00E773D8 /* CameraOverLayProj.app */;
			productType = "com.apple.product-type.application";
		};
/* End PBXNativeTarget section */

/* Begin PBXProject section */
		32E3A2D62996911C00E773D8 /* Project object */ = {
			isa = PBXProject;
			attributes = {
				BuildIndependentTargetsInParallel = 1;
				LastSwiftUpdateCheck = 1420;
				LastUpgradeCheck = 1420;
				TargetAttributes = {
					32E3A2DD2996911C00E773D8 = {
						CreatedOnToolsVersion = 14.2;
					};
				};
			};
			buildConfigurationList = 32E3A2D92996911C00E773D8 /* Build configuration list for PBXProject "CameraOverLayProj" */;
			compatibilityVersion = "Xcode 14.0";
			developmentRegion = en;
			hasScannedForEncodings = 0;
			knownRegions = (
				en,
				Base,
			);
			mainGroup = 32E3A2D52996911C00E773D8;
			productRefGroup = 32E3A2DF2996911C00E773D8 /* Products */;
			projectDirPath = "";
			projectRoot = "";
			targets = (
				32E3A2DD2996911C00E773D8 /* CameraOverLayProj */,
			);
		};
/* End PBXProject section */

/* Begin PBXResourcesBuildPhase section */
		32E3A2DC2996911C00E773D8 /* Resources */ = {
			isa = PBXResourcesBuildPhase;
			buildActionMask = 2147483647;
			files = (
				32E3A2EE2996911D00E773D8 /* LaunchScreen.storyboard in Resources */,
				32E3A2EB2996911D00E773D8 /* Assets.xcassets in Resources */,
				32E3A2F62996913400E773D8 /* CaptureView.eml in Resources */,
				32E3A2E92996911C00E773D8 /* Main.storyboard in Resources */,
			);
			runOnlyForDeploymentPostprocessing = 0;
		};
/* End PBXResourcesBuildPhase section */

/* Begin PBXSourcesBuildPhase section */
		32E3A2DA2996911C00E773D8 /* Sources */ = {
			isa = PBXSourcesBuildPhase;
			buildActionMask = 2147483647;
			files = (
				32E3A2FC299691E000E773D8 /* UiView+Exrension.swift in Sources */,
				32E3A2E62996911C00E773D8 /* ViewController.swift in Sources */,
				32E3A2E22996911C00E773D8 /* AppDelegate.swift in Sources */,
				32E3A2E42996911C00E773D8 /* SceneDelegate.swift in Sources */,
				32E3A300299692F200E773D8 /* ImagePreviewViewController.swift in Sources */,
				32E3A2FE2996923F00E773D8 /* CaptureView.swift in Sources */,
			);
			runOnlyForDeploymentPostprocessing = 0;
		};
/* End PBXSourcesBuildPhase section */

/* Begin PBXVariantGroup section */
		32E3A2E72996911C00E773D8 /* Main.storyboard */ = {
			isa = PBXVariantGroup;
			children = (
				32E3A2E82996911C00E773D8 /* Base */,
			);
			name = Main.storyboard;
			sourceTree = "<group>";
		};
		32E3A2EC2996911D00E773D8 /* LaunchScreen.storyboard */ = {
			isa = PBXVariantGroup;
			children = (
				32E3A2ED2996911D00E773D8 /* Base */,
			);
			name = LaunchScreen.storyboard;
			sourceTree = "<group>";
		};
/* End PBXVariantGroup section */

/* Begin XCBuildConfiguration section */
		32E3A2F02996911D00E773D8 /* Debug */ = {
			isa = XCBuildConfiguration;
			buildSettings = {
				ALWAYS_SEARCH_USER_PATHS = NO;
				CLANG_ANALYZER_NONNULL = YES;
				CLANG_ANALYZER_NUMBER_OBJECT_CONVERSION = YES_AGGRESSIVE;
				CLANG_CXX_LANGUAGE_STANDARD = "gnu++20";
				CLANG_ENABLE_MODULES = YES;
				CLANG_ENABLE_OBJC_ARC = YES;
				CLANG_ENABLE_OBJC_WEAK = YES;
				CLANG_WARN_BLOCK_CAPTURE_AUTORELEASING = YES;
				CLANG_WARN_BOOL_CONVERSION = YES;
				CLANG_WARN_COMMA = YES;
				CLANG_WARN_CONSTANT_CONVERSION = YES;
				CLANG_WARN_DEPRECATED_OBJC_IMPLEMENTATIONS = YES;
				CLANG_WARN_DIRECT_OBJC_ISA_USAGE = YES_ERROR;
				CLANG_WARN_DOCUMENTATION_COMMENTS = YES;
				CLANG_WARN_EMPTY_BODY = YES;
				CLANG_WARN_ENUM_CONVERSION = YES;
				CLANG_WARN_INFINITE_RECURSION = YES;
				CLANG_WARN_INT_CONVERSION = YES;
				CLANG_WARN_NON_LITERAL_NULL_CONVERSION = YES;
				CLANG_WARN_OBJC_IMPLICIT_RETAIN_SELF = YES;
				CLANG_WARN_OBJC_LITERAL_CONVERSION = YES;
				CLANG_WARN_OBJC_ROOT_CLASS = YES_ERROR;
				CLANG_WARN_QUOTED_INCLUDE_IN_FRAMEWORK_HEADER = YES;
				CLANG_WARN_RANGE_LOOP_ANALYSIS = YES;
				CLANG_WARN_STRICT_PROTOTYPES = YES;
				CLANG_WARN_SUSPICIOUS_MOVE = YES;
				CLANG_WARN_UNGUARDED_AVAILABILITY = YES_AGGRESSIVE;
				CLANG_WARN_UNREACHABLE_CODE = YES;
				CLANG_WARN__DUPLICATE_METHOD_MATCH = YES;
				COPY_PHASE_STRIP = NO;
				DEBUG_INFORMATION_FORMAT = dwarf;
				ENABLE_STRICT_OBJC_MSGSEND = YES;
				ENABLE_TESTABILITY = YES;
				GCC_C_LANGUAGE_STANDARD = gnu11;
				GCC_DYNAMIC_NO_PIC = NO;
				GCC_NO_COMMON_BLOCKS = YES;
				GCC_OPTIMIZATION_LEVEL = 0;
				GCC_PREPROCESSOR_DEFINITIONS = (
					"DEBUG=1",
					"$(inherited)",
				);
				GCC_WARN_64_TO_32_BIT_CONVERSION = YES;
				GCC_WARN_ABOUT_RETURN_TYPE = YES_ERROR;
				GCC_WARN_UNDECLARED_SELECTOR = YES;
				GCC_WARN_UNINITIALIZED_AUTOS = YES_AGGRESSIVE;
				GCC_WARN_UNUSED_FUNCTION = YES;
				GCC_WARN_UNUSED_VARIABLE = YES;
				IPHONEOS_DEPLOYMENT_TARGET = 16.2;
				MTL_ENABLE_DEBUG_INFO = INCLUDE_SOURCE;
				MTL_FAST_MATH = YES;
				ONLY_ACTIVE_ARCH = YES;
				SDKROOT = iphoneos;
				SWIFT_ACTIVE_COMPILATION_CONDITIONS = DEBUG;
				SWIFT_OPTIMIZATION_LEVEL = "-Onone";
			};
			name = Debug;
		};
		32E3A2F12996911D00E773D8 /* Release */ = {
			isa = XCBuildConfiguration;
			buildSettings = {
				ALWAYS_SEARCH_USER_PATHS = NO;
				CLANG_ANALYZER_NONNULL = YES;
				CLANG_ANALYZER_NUMBER_OBJECT_CONVERSION = YES_AGGRESSIVE;
				CLANG_CXX_LANGUAGE_STANDARD = "gnu++20";
				CLANG_ENABLE_MODULES = YES;
				CLANG_ENABLE_OBJC_ARC = YES;
				CLANG_ENABLE_OBJC_WEAK = YES;
				CLANG_WARN_BLOCK_CAPTURE_AUTORELEASING = YES;
				CLANG_WARN_BOOL_CONVERSION = YES;
				CLANG_WARN_COMMA = YES;
				CLANG_WARN_CONSTANT_CONVERSION = YES;
				CLANG_WARN_DEPRECATED_OBJC_IMPLEMENTATIONS = YES;
				CLANG_WARN_DIRECT_OBJC_ISA_USAGE = YES_ERROR;
				CLANG_WARN_DOCUMENTATION_COMMENTS = YES;
				CLANG_WARN_EMPTY_BODY = YES;
				CLANG_WARN_ENUM_CONVERSION = YES;
				CLANG_WARN_INFINITE_RECURSION = YES;
				CLANG_WARN_INT_CONVERSION = YES;
				CLANG_WARN_NON_LITERAL_NULL_CONVERSION = YES;
				CLANG_WARN_OBJC_IMPLICIT_RETAIN_SELF = YES;
				CLANG_WARN_OBJC_LITERAL_CONVERSION = YES;
				CLANG_WARN_OBJC_ROOT_CLASS = YES_ERROR;
				CLANG_WARN_QUOTED_INCLUDE_IN_FRAMEWORK_HEADER = YES;
				CLANG_WARN_RANGE_LOOP_ANALYSIS = YES;
				CLANG_WARN_STRICT_PROTOTYPES = YES;
				CLANG_WARN_SUSPICIOUS_MOVE = YES;
				CLANG_WARN_UNGUARDED_AVAILABILITY = YES_AGGRESSIVE;
				CLANG_WARN_UNREACHABLE_CODE = YES;
				CLANG_WARN__DUPLICATE_METHOD_MATCH = YES;
				COPY_PHASE_STRIP = NO;
				DEBUG_INFORMATION_FORMAT = "dwarf-with-dsym";
				ENABLE_NS_ASSERTIONS = NO;
				ENABLE_STRICT_OBJC_MSGSEND = YES;
				GCC_C_LANGUAGE_STANDARD = gnu11;
				GCC_NO_COMMON_BLOCKS = YES;
				GCC_WARN_64_TO_32_BIT_CONVERSION = YES;
				GCC_WARN_ABOUT_RETURN_TYPE = YES_ERROR;
				GCC_WARN_UNDECLARED_SELECTOR = YES;
				GCC_WARN_UNINITIALIZED_AUTOS = YES_AGGRESSIVE;
				GCC_WARN_UNUSED_FUNCTION = YES;
				GCC_WARN_UNUSED_VARIABLE = YES;
				IPHONEOS_DEPLOYMENT_TARGET = 16.2;
				MTL_ENABLE_DEBUG_INFO = NO;
				MTL_FAST_MATH = YES;
				SDKROOT = iphoneos;
				SWIFT_COMPILATION_MODE = wholemodule;
				SWIFT_OPTIMIZATION_LEVEL = "-O";
				VALIDATE_PRODUCT = YES;
			};
			name = Release;
		};
		32E3A2F32996911D00E773D8 /* Debug */ = {
			isa = XCBuildConfiguration;
			buildSettings = {
				ASSETCATALOG_COMPILER_APPICON_NAME = AppIcon;
				ASSETCATALOG_COMPILER_GLOBAL_ACCENT_COLOR_NAME = AccentColor;
				CODE_SIGN_STYLE = Automatic;
				CURRENT_PROJECT_VERSION = 1;
				DEVELOPMENT_TEAM = L2Z5JFXQ85;
				GENERATE_INFOPLIST_FILE = YES;
				INFOPLIST_FILE = CameraOverLayProj/Info.plist;
				INFOPLIST_KEY_NSCameraUsageDescription = "cfhgj xfd gbhjj dvfgffg camer";
				INFOPLIST_KEY_UIApplicationSupportsIndirectInputEvents = YES;
				INFOPLIST_KEY_UILaunchStoryboardName = LaunchScreen;
				INFOPLIST_KEY_UIMainStoryboardFile = Main;
				INFOPLIST_KEY_UISupportedInterfaceOrientations_iPad = "UIInterfaceOrientationPortrait UIInterfaceOrientationPortraitUpsideDown UIInterfaceOrientationLandscapeLeft UIInterfaceOrientationLandscapeRight";
				INFOPLIST_KEY_UISupportedInterfaceOrientations_iPhone = "UIInterfaceOrientationPortrait UIInterfaceOrientationLandscapeLeft UIInterfaceOrientationLandscapeRight";
				IPHONEOS_DEPLOYMENT_TARGET = 16.0;
				LD_RUNPATH_SEARCH_PATHS = (
					"$(inherited)",
					"@executable_path/Frameworks",
				);
				MARKETING_VERSION = 1.0;
				PRODUCT_BUNDLE_IDENTIFIER = com.xyz.DemoCameraaa;
				PRODUCT_NAME = "$(TARGET_NAME)";
				SWIFT_EMIT_LOC_STRINGS = YES;
				SWIFT_VERSION = 5.0;
				TARGETED_DEVICE_FAMILY = "1,2";
			};
			name = Debug;
		};
		32E3A2F42996911D00E773D8 /* Release */ = {
			isa = XCBuildConfiguration;
			buildSettings = {
				ASSETCATALOG_COMPILER_APPICON_NAME = AppIcon;
				ASSETCATALOG_COMPILER_GLOBAL_ACCENT_COLOR_NAME = AccentColor;
				CODE_SIGN_STYLE = Automatic;
				CURRENT_PROJECT_VERSION = 1;
				DEVELOPMENT_TEAM = L2Z5JFXQ85;
				GENERATE_INFOPLIST_FILE = YES;
				INFOPLIST_FILE = CameraOverLayProj/Info.plist;
				INFOPLIST_KEY_NSCameraUsageDescription = "cfhgj xfd gbhjj dvfgffg camer";
				INFOPLIST_KEY_UIApplicationSupportsIndirectInputEvents = YES;
				INFOPLIST_KEY_UILaunchStoryboardName = LaunchScreen;
				INFOPLIST_KEY_UIMainStoryboardFile = Main;
				INFOPLIST_KEY_UISupportedInterfaceOrientations_iPad = "UIInterfaceOrientationPortrait UIInterfaceOrientationPortraitUpsideDown UIInterfaceOrientationLandscapeLeft UIInterfaceOrientationLandscapeRight";
				INFOPLIST_KEY_UISupportedInterfaceOrientations_iPhone = "UIInterfaceOrientationPortrait UIInterfaceOrientationLandscapeLeft UIInterfaceOrientationLandscapeRight";
				IPHONEOS_DEPLOYMENT_TARGET = 16.0;
				LD_RUNPATH_SEARCH_PATHS = (
					"$(inherited)",
					"@executable_path/Frameworks",
				);
				MARKETING_VERSION = 1.0;
				PRODUCT_BUNDLE_IDENTIFIER = com.xyz.DemoCameraaa;
				PRODUCT_NAME = "$(TARGET_NAME)";
				SWIFT_EMIT_LOC_STRINGS = YES;
				SWIFT_VERSION = 5.0;
				TARGETED_DEVICE_FAMILY = "1,2";
			};
			name = Release;
		};
/* End XCBuildConfiguration section */

/* Begin XCConfigurationList section */
		32E3A2D92996911C00E773D8 /* Build configuration list for PBXProject "CameraOverLayProj" */ = {
			isa = XCConfigurationList;
			buildConfigurations = (
				32E3A2F02996911D00E773D8 /* Debug */,
				32E3A2F12996911D00E773D8 /* Release */,
			);
			defaultConfigurationIsVisible = 0;
			defaultConfigurationName = Release;
		};
		32E3A2F22996911D00E773D8 /* Build configuration list for PBXNativeTarget "CameraOverLayProj" */ = {
			isa = XCConfigurationList;
			buildConfigurations = (
				32E3A2F32996911D00E773D8 /* Debug */,
				32E3A2F42996911D00E773D8 /* Release */,
			);
			defaultConfigurationIsVisible = 0;
			defaultConfigurationName = Release;
		};
/* End XCConfigurationList section */
	};
	rootObject = 32E3A2D62996911C00E773D8 /* Project object */;
}
